<?xml version="1.0" encoding="utf-8"?>
<Project ToolsVersion="17.0" xmlns="http://schemas.microsoft.com/developer/msbuild/2003">
  <ItemGroup>
    <ClCompile Include="D:\UGPluginRepo_clean_20260506-235206\ZheWanBiRangCao\ZheWanBiRangCao.cpp">
      <Filter>Source Files</Filter>
    </ClCompile>
    <ClCompile Include="D:\UGPluginRepo_clean_20260506-235206\ZheWanBiRangCao\ZheWanBiRangCaoMain.cpp">
      <Filter>Source Files</Filter>
    </ClCompile>
  </ItemGroup>
  <ItemGroup>
    <CustomBuild Include="D:\UGPluginRepo_clean_20260506-235206\ZheWanBiRangCao\CMakeLists.txt" />
  </ItemGroup>
  <ItemGroup>
    <Filter Include="Source Files">
      <UniqueIdentifier>{3DBD482D-B863-34F0-A9D9-1ABCE0D3AC41}</UniqueIdentifier>
    </Filter>
  </ItemGroup>
</Project>
