<?xml version="1.0" encoding="utf-8"?>
<Project ToolsVersion="4.0" xmlns="http://schemas.microsoft.com/developer/msbuild/2003">
  <ItemGroup>
    <Filter Include="Source Files">
      <UniqueIdentifier>{F86B4509-12BA-4750-B1C0-468CB7A20B43}</UniqueIdentifier>
      <Extensions>cpp;cxx;c;def</Extensions>
    </Filter>
  </ItemGroup>
  <ItemGroup>
    <ClCompile Include="QinLiGuanJian.cpp">
      <Filter>Source Files</Filter>
    </ClCompile>
  </ItemGroup>
  <ItemGroup>
    <None Include="QinLiGuanJian.dlx" />
    <None Include="1.png" />
    <None Include="QinLiGuanJian.bmp" />
    <None Include="QinLiGuanJian_1.bmp" />
    <None Include="QinLiGuanJian_1_selected.bmp" />
    <None Include="QinLiGuanJian_2.bmp" />
    <None Include="QinLiGuanJian_2_selected.bmp" />
  </ItemGroup>
</Project>
