Microsoft Visual Studio Solution File, Format Version 12.00
# Visual Studio Version 17
VisualStudioVersion = 17.0.31903.59
MinimumVisualStudioVersion = 10.0.40219.1
Project("{BC8A1FFA-BEE3-4634-8014-F334798102B3}") = "PILianDaoCuZKT", "src\PILianDaoCuZKT\PILianDaoCuZKT.vcxproj", "{9BC366AC-65A8-45C7-A871-53C5206F6419}"
EndProject
Global
	GlobalSection(SolutionConfigurationPlatforms) = preSolution
		Release|x64 = Release|x64
	EndGlobalSection
	GlobalSection(ProjectConfigurationPlatforms) = postSolution
		{9BC366AC-65A8-45C7-A871-53C5206F6419}.Release|x64.ActiveCfg = Release|x64
		{9BC366AC-65A8-45C7-A871-53C5206F6419}.Release|x64.Build.0 = Release|x64
	EndGlobalSection
	GlobalSection(SolutionProperties) = preSolution
		HideSolutionNode = FALSE
	EndGlobalSection
EndGlobal

