<?xml version="1.0" encoding="utf-8"?>
<Project ToolsVersion="4.0" xmlns="http://schemas.microsoft.com/developer/msbuild/2003">
  <ItemGroup>
    <Filter Include="Source Files">
      <UniqueIdentifier>{8DA3FD02-463B-4717-96E0-7F00DE3F9E34}</UniqueIdentifier>
      <Extensions>cpp;cxx;c;def</Extensions>
    </Filter>
  </ItemGroup>
  <ItemGroup>
    <ClCompile Include="src\XuanZeGuanJian.cpp">
      <Filter>Source Files</Filter>
    </ClCompile>
    <ClCompile Include="src\TubeSameBodySearch.cpp">
      <Filter>Source Files</Filter>
    </ClCompile>
  </ItemGroup>
  <ItemGroup>
    <None Include="XuanZeGuanJian.dlx" />
    <None Include="XuanZeGuanJian.bmp" />
  </ItemGroup>
</Project>
