<?xml version="1.0" encoding="utf-8"?>
<Project ToolsVersion="4.0" xmlns="http://schemas.microsoft.com/developer/msbuild/2003">
  <ItemGroup>
    <Filter Include="Source Files">
      <UniqueIdentifier>{5CD4ED79-21A0-43D9-8024-98F926D12F10}</UniqueIdentifier>
      <Extensions>cpp;c;cxx</Extensions>
    </Filter>
    <Filter Include="Header Files">
      <UniqueIdentifier>{5F6A7D7A-6E92-4422-8F29-12D427869C72}</UniqueIdentifier>
      <Extensions>h;hpp;hxx</Extensions>
    </Filter>
    <Filter Include="Resource Files">
      <UniqueIdentifier>{44F3FE21-E916-4A08-87B3-17263321A3F5}</UniqueIdentifier>
      <Extensions>bmp;ico;rc;dlx;txt</Extensions>
    </Filter>
  </ItemGroup>
  <ItemGroup>
    <ClCompile Include="TwoPointBiLanCao.cpp">
      <Filter>Source Files</Filter>
    </ClCompile>
    <ClCompile Include="TwoPointBiLanCaoMain.cpp">
      <Filter>Source Files</Filter>
    </ClCompile>
  </ItemGroup>
  <ItemGroup>
    <ClInclude Include="TwoPointBiLanCao.hpp">
      <Filter>Header Files</Filter>
    </ClInclude>
  </ItemGroup>
  <ItemGroup>
    <None Include="TwoPointBiLanCao.dlx">
      <Filter>Resource Files</Filter>
    </None>
    <None Include="2P_BiLanCao.bmp">
      <Filter>Resource Files</Filter>
    </None>
    <None Include="CMakeLists.txt">
      <Filter>Resource Files</Filter>
    </None>
  </ItemGroup>
</Project>
