
Microsoft Visual Studio Solution File, Format Version 12.00
# Visual Studio Version 17
Project("{8BC9CEB8-8B4A-11D0-8D11-00A0C91BC942}") = "ALL_BUILD", "ALL_BUILD.vcxproj", "{0C0849A3-2404-3010-9E88-31867D0831C7}"
	ProjectSection(ProjectDependencies) = postProject
		{C9C16045-64BA-34A3-9757-1D51CA0AAB8D} = {C9C16045-64BA-34A3-9757-1D51CA0AAB8D}
		{69EE4E0B-8652-3CB9-A5C8-E6C38AB21D18} = {69EE4E0B-8652-3CB9-A5C8-E6C38AB21D18}
	EndProjectSection
EndProject
Project("{8BC9CEB8-8B4A-11D0-8D11-00A0C91BC942}") = "BaoRongQieChu", "BaoRongQieChu.vcxproj", "{C9C16045-64BA-34A3-9757-1D51CA0AAB8D}"
	ProjectSection(ProjectDependencies) = postProject
		{69EE4E0B-8652-3CB9-A5C8-E6C38AB21D18} = {69EE4E0B-8652-3CB9-A5C8-E6C38AB21D18}
	EndProjectSection
EndProject
Project("{8BC9CEB8-8B4A-11D0-8D11-00A0C91BC942}") = "ZERO_CHECK", "ZERO_CHECK.vcxproj", "{69EE4E0B-8652-3CB9-A5C8-E6C38AB21D18}"
	ProjectSection(ProjectDependencies) = postProject
	EndProjectSection
EndProject
Global
	GlobalSection(SolutionConfigurationPlatforms) = preSolution
		Debug|x64 = Debug|x64
		Release|x64 = Release|x64
		MinSizeRel|x64 = MinSizeRel|x64
		RelWithDebInfo|x64 = RelWithDebInfo|x64
	EndGlobalSection
	GlobalSection(ProjectConfigurationPlatforms) = postSolution
		{0C0849A3-2404-3010-9E88-31867D0831C7}.Debug|x64.ActiveCfg = Debug|x64
		{0C0849A3-2404-3010-9E88-31867D0831C7}.Release|x64.ActiveCfg = Release|x64
		{0C0849A3-2404-3010-9E88-31867D0831C7}.MinSizeRel|x64.ActiveCfg = MinSizeRel|x64
		{0C0849A3-2404-3010-9E88-31867D0831C7}.RelWithDebInfo|x64.ActiveCfg = RelWithDebInfo|x64
		{C9C16045-64BA-34A3-9757-1D51CA0AAB8D}.Debug|x64.ActiveCfg = Debug|x64
		{C9C16045-64BA-34A3-9757-1D51CA0AAB8D}.Debug|x64.Build.0 = Debug|x64
		{C9C16045-64BA-34A3-9757-1D51CA0AAB8D}.Release|x64.ActiveCfg = Release|x64
		{C9C16045-64BA-34A3-9757-1D51CA0AAB8D}.Release|x64.Build.0 = Release|x64
		{C9C16045-64BA-34A3-9757-1D51CA0AAB8D}.MinSizeRel|x64.ActiveCfg = MinSizeRel|x64
		{C9C16045-64BA-34A3-9757-1D51CA0AAB8D}.MinSizeRel|x64.Build.0 = MinSizeRel|x64
		{C9C16045-64BA-34A3-9757-1D51CA0AAB8D}.RelWithDebInfo|x64.ActiveCfg = RelWithDebInfo|x64
		{C9C16045-64BA-34A3-9757-1D51CA0AAB8D}.RelWithDebInfo|x64.Build.0 = RelWithDebInfo|x64
		{69EE4E0B-8652-3CB9-A5C8-E6C38AB21D18}.Debug|x64.ActiveCfg = Debug|x64
		{69EE4E0B-8652-3CB9-A5C8-E6C38AB21D18}.Debug|x64.Build.0 = Debug|x64
		{69EE4E0B-8652-3CB9-A5C8-E6C38AB21D18}.Release|x64.ActiveCfg = Release|x64
		{69EE4E0B-8652-3CB9-A5C8-E6C38AB21D18}.Release|x64.Build.0 = Release|x64
		{69EE4E0B-8652-3CB9-A5C8-E6C38AB21D18}.MinSizeRel|x64.ActiveCfg = MinSizeRel|x64
		{69EE4E0B-8652-3CB9-A5C8-E6C38AB21D18}.MinSizeRel|x64.Build.0 = MinSizeRel|x64
		{69EE4E0B-8652-3CB9-A5C8-E6C38AB21D18}.RelWithDebInfo|x64.ActiveCfg = RelWithDebInfo|x64
		{69EE4E0B-8652-3CB9-A5C8-E6C38AB21D18}.RelWithDebInfo|x64.Build.0 = RelWithDebInfo|x64
	EndGlobalSection
	GlobalSection(ExtensibilityGlobals) = postSolution
		SolutionGuid = {1BF8E154-C788-3DD0-B9DD-4FDAD7CA9AD4}
	EndGlobalSection
	GlobalSection(ExtensibilityAddIns) = postSolution
	EndGlobalSection
EndGlobal
