<?xml version="1.0" encoding="utf-8"?>
<Project ToolsVersion="17.0" xmlns="http://schemas.microsoft.com/developer/msbuild/2003">
  <ItemGroup>
    <CustomBuild Include="G:\UG智辉钣金插件_源码精简_20260602\features\17_BaoRongQieChu\build-codex\CMakeFiles\23c8edf5df5849d7241457b57befc724\generate.stamp.rule">
      <Filter>CMake Rules</Filter>
    </CustomBuild>
  </ItemGroup>
  <ItemGroup>
    <Filter Include="CMake Rules">
      <UniqueIdentifier>{FE6DF418-0773-3A8F-9B92-07081215704F}</UniqueIdentifier>
    </Filter>
  </ItemGroup>
</Project>
