<?xml version="1.0" encoding="utf-8"?>
<Project ToolsVersion="17.0" xmlns="http://schemas.microsoft.com/developer/msbuild/2003">
  <ItemGroup>
    <CustomBuild Include="G:\UG智辉钣金插件_源码精简_20260605_最终精简\features\17_BaoRongQieChu\build-codex\CMakeFiles\59ae3a76d38f21a3137ffc4c7ce0d422\generate.stamp.rule">
      <Filter>CMake Rules</Filter>
    </CustomBuild>
  </ItemGroup>
  <ItemGroup>
    <Filter Include="CMake Rules">
      <UniqueIdentifier>{91574F9C-6562-37A9-AD69-F97E35E5CE1A}</UniqueIdentifier>
    </Filter>
  </ItemGroup>
</Project>
